
Microsoft Visual Studio Solution File, Format Version 12.00
# Visual Studio Version 16
VisualStudioVersion = 16.0.31019.35
MinimumVisualStudioVersion = 10.0.40219.1
Project("{FAE04EC0-301F-11D3-BF4B-00C04F79EFBC}") = "RosFuscator", "RosFuscator\RosFuscator.csproj", "{01F05FEF-4E5E-47F8-904D-9742DFD2D185}"
EndProject
Global
	GlobalSection(SolutionConfigurationPlatforms) = preSolution
		Debug|Any CPU = Debug|Any CPU
		Release|Any CPU = Release|Any CPU
	EndGlobalSection
	GlobalSection(ProjectConfigurationPlatforms) = postSolution
		{01F05FEF-4E5E-47F8-904D-9742DFD2D185}.Debug|Any CPU.ActiveCfg = Debug|Any CPU
		{01F05FEF-4E5E-47F8-904D-9742DFD2D185}.Debug|Any CPU.Build.0 = Debug|Any CPU
		{01F05FEF-4E5E-47F8-904D-9742DFD2D185}.Release|Any CPU.ActiveCfg = Release|Any CPU
		{01F05FEF-4E5E-47F8-904D-9742DFD2D185}.Release|Any CPU.Build.0 = Release|Any CPU
	EndGlobalSection
	GlobalSection(SolutionProperties) = preSolution
		HideSolutionNode = FALSE
	EndGlobalSection
	GlobalSection(ExtensibilityGlobals) = postSolution
		SolutionGuid = {981FA16F-E57C-4E81-BB52-975ED22E6381}
	EndGlobalSection
EndGlobal
